// !$*UTF8*$!
{
	archiveVersion = 1;
	classes = {
	};
	objectVersion = 46;
	objects = {

/* Begin PBXBuildFile section */
		5CB389701CC64C920018A9E0 /* AppDelegate.swift in Sources */ = {isa = PBXBuildFile; fileRef = 5CB3896F1CC64C920018A9E0 /* AppDelegate.swift */; };
		5CB389721CC64C920018A9E0 /* ViewController.swift in Sources */ = {isa = PBXBuildFile; fileRef = 5CB389711CC64C920018A9E0 /* ViewController.swift */; };
		5CB389751CC64C920018A9E0 /* Main.storyboard in Resources */ = {isa = PBXBuildFile; fileRef = 5CB389731CC64C920018A9E0 /* Main.storyboard */; };
		5CB389771CC64C920018A9E0 /* Assets.xcassets in Resources */ = {isa = PBXBuildFile; fileRef = 5CB389761CC64C920018A9E0 /* Assets.xcassets */; };
		5CB3897A1CC64C920018A9E0 /* LaunchScreen.storyboard in Resources */ = {isa = PBXBuildFile; fileRef = 5CB389781CC64C920018A9E0 /* LaunchScreen.storyboard */; };
		5CB389851CC64C930018A9E0 /* AutoLayoutSizeClassesTests.swift in Sources */ = {isa = PBXBuildFile; fileRef = 5CB389841CC64C930018A9E0 /* AutoLayoutSizeClassesTests.swift */; };
		5CB389901CC64C930018A9E0 /* AutoLayoutSizeClassesUITests.swift in Sources */ = {isa = PBXBuildFile; fileRef = 5CB3898F1CC64C930018A9E0 /* AutoLayoutSizeClassesUITests.swift */; };
/* End PBXBuildFile section */

/* Begin PBXContainerItemProxy section */
		5CB389811CC64C930018A9E0 /* PBXContainerItemProxy */ = {
			isa = PBXContainerItemProxy;
			containerPortal = 5CB389641CC64C920018A9E0 /* Project object */;
			proxyType = 1;
			remoteGlobalIDString = 5CB3896B1CC64C920018A9E0;
			remoteInfo = AutoLayoutSizeClasses;
		};
		5CB3898C1CC64C930018A9E0 /* PBXContainerItemProxy */ = {
			isa = PBXContainerItemProxy;
			containerPortal = 5CB389641CC64C920018A9E0 /* Project object */;
			proxyType = 1;
			remoteGlobalIDString = 5CB3896B1CC64C920018A9E0;
			remoteInfo = AutoLayoutSizeClasses;
		};
/* End PBXContainerItemProxy section */

/* Begin PBXFileReference section */
		5CB3896C1CC64C920018A9E0 /* AutoLayoutSizeClasses.app */ = {isa = PBXFileReference; explicitFileType = wrapper.application; includeInIndex = 0; path = AutoLayoutSizeClasses.app; sourceTree = BUILT_PRODUCTS_DIR; };
		5CB3896F1CC64C920018A9E0 /* AppDelegate.swift */ = {isa = PBXFileReference; lastKnownFileType = sourcecode.swift; path = AppDelegate.swift; sourceTree = "<group>"; };
		5CB389711CC64C920018A9E0 /* ViewController.swift */ = {isa = PBXFileReference; lastKnownFileType = sourcecode.swift; path = ViewController.swift; sourceTree = "<group>"; };
		5CB389741CC64C920018A9E0 /* Base */ = {isa = PBXFileReference; lastKnownFileType = file.storyboard; name = Base; path = Base.lproj/Main.storyboard; sourceTree = "<group>"; };
		5CB389761CC64C920018A9E0 /* Assets.xcassets */ = {isa = PBXFileReference; lastKnownFileType = folder.assetcatalog; path = Assets.xcassets; sourceTree = "<group>"; };
		5CB389791CC64C920018A9E0 /* Base */ = {isa = PBXFileReference; lastKnownFileType = file.storyboard; name = Base; path = Base.lproj/LaunchScreen.storyboard; sourceTree = "<group>"; };
		5CB3897B1CC64C920018A9E0 /* Info.plist */ = {isa = PBXFileReference; lastKnownFileType = text.plist.xml; path = Info.plist; sourceTree = "<group>"; };
		5CB389801CC64C930018A9E0 /* AutoLayoutSizeClassesTests.xctest */ = {isa = PBXFileReference; explicitFileType = wrapper.cfbundle; includeInIndex = 0; path = AutoLayoutSizeClassesTests.xctest; sourceTree = BUILT_PRODUCTS_DIR; };
		5CB389841CC64C930018A9E0 /* AutoLayoutSizeClassesTests.swift */ = {isa = PBXFileReference; lastKnownFileType = sourcecode.swift; path = AutoLayoutSizeClassesTests.swift; sourceTree = "<group>"; };
		5CB389861CC64C930018A9E0 /* Info.plist */ = {isa = PBXFileReference; lastKnownFileType = text.plist.xml; path = Info.plist; sourceTree = "<group>"; };
		5CB3898B1CC64C930018A9E0 /* AutoLayoutSizeClassesUITests.xctest */ = {isa = PBXFileReference; explicitFileType = wrapper.cfbundle; includeInIndex = 0; path = AutoLayoutSizeClassesUITests.xctest; sourceTree = BUILT_PRODUCTS_DIR; };
		5CB3898F1CC64C930018A9E0 /* AutoLayoutSizeClassesUITests.swift */ = {isa = PBXFileReference; lastKnownFileType = sourcecode.swift; path = AutoLayoutSizeClassesUITests.swift; sourceTree = "<group>"; };
		5CB389911CC64C930018A9E0 /* Info.plist */ = {isa = PBXFileReference; lastKnownFileType = text.plist.xml; path = Info.plist; sourceTree = "<group>"; };
/* End PBXFileReference section */

/* Begin PBXFrameworksBuildPhase section */
		5CB389691CC64C920018A9E0 /* Frameworks */ = {
			isa = PBXFrameworksBuildPhase;
			buildActionMask = 2147483647;
			files = (
			);
			runOnlyForDeploymentPostprocessing = 0;
		};
		5CB3897D1CC64C930018A9E0 /* Frameworks */ = {
			isa = PBXFrameworksBuildPhase;
			buildActionMask = 2147483647;
			files = (
			);
			runOnlyForDeploymentPostprocessing = 0;
		};
		5CB389881CC64C930018A9E0 /* Frameworks */ = {
			isa = PBXFrameworksBuildPhase;
			buildActionMask = 2147483647;
			files = (
			);
			runOnlyForDeploymentPostprocessing = 0;
		};
/* End PBXFrameworksBuildPhase section */

/* Begin PBXGroup section */
		5CB389631CC64C920018A9E0 = {
			isa = PBXGroup;
			children = (
				5CB3896E1CC64C920018A9E0 /* AutoLayoutSizeClasses */,
				5CB389831CC64C930018A9E0 /* AutoLayoutSizeClassesTests */,
				5CB3898E1CC64C930018A9E0 /* AutoLayoutSizeClassesUITests */,
				5CB3896D1CC64C920018A9E0 /* Products */,
			);
			sourceTree = "<group>";
		};
		5CB3896D1CC64C920018A9E0 /* Products */ = {
			isa = PBXGroup;
			children = (
				5CB3896C1CC64C920018A9E0 /* AutoLayoutSizeClasses.app */,
				5CB389801CC64C930018A9E0 /* AutoLayoutSizeClassesTests.xctest */,
				5CB3898B1CC64C930018A9E0 /* AutoLayoutSizeClassesUITests.xctest */,
			);
			name = Products;
			sourceTree = "<group>";
		};
		5CB3896E1CC64C920018A9E0 /* AutoLayoutSizeClasses */ = {
			isa = PBXGroup;
			children = (
				5CB3896F1CC64C920018A9E0 /* AppDelegate.swift */,
				5CB389711CC64C920018A9E0 /* ViewController.swift */,
				5CB389731CC64C920018A9E0 /* Main.storyboard */,
				5CB389761CC64C920018A9E0 /* Assets.xcassets */,
				5CB389781CC64C920018A9E0 /* LaunchScreen.storyboard */,
				5CB3897B1CC64C920018A9E0 /* Info.plist */,
			);
			path = AutoLayoutSizeClasses;
			sourceTree = "<group>";
		};
		5CB389831CC64C930018A9E0 /* AutoLayoutSizeClassesTests */ = {
			isa = PBXGroup;
			children = (
				5CB389841CC64C930018A9E0 /* AutoLayoutSizeClassesTests.swift */,
				5CB389861CC64C930018A9E0 /* Info.plist */,
			);
			path = AutoLayoutSizeClassesTests;
			sourceTree = "<group>";
		};
		5CB3898E1CC64C930018A9E0 /* AutoLayoutSizeClassesUITests */ = {
			isa = PBXGroup;
			children = (
				5CB3898F1CC64C930018A9E0 /* AutoLayoutSizeClassesUITests.swift */,
				5CB389911CC64C930018A9E0 /* Info.plist */,
			);
			path = AutoLayoutSizeClassesUITests;
			sourceTree = "<group>";
		};
/* End PBXGroup section */

/* Begin PBXNativeTarget section */
		5CB3896B1CC64C920018A9E0 /* AutoLayoutSizeClasses */ = {
			isa = PBXNativeTarget;
			buildConfigurationList = 5CB389941CC64C930018A9E0 /* Build configuration list for PBXNativeTarget "AutoLayoutSizeClasses" */;
			buildPhases = (
				5CB389681CC64C920018A9E0 /* Sources */,
				5CB389691CC64C920018A9E0 /* Frameworks */,
				5CB3896A1CC64C920018A9E0 /* Resources */,
			);
			buildRules = (
			);
			dependencies = (
			);
			name = AutoLayoutSizeClasses;
			productName = AutoLayoutSizeClasses;
			productReference = 5CB3896C1CC64C920018A9E0 /* AutoLayoutSizeClasses.app */;
			productType = "com.apple.product-type.application";
		};
		5CB3897F1CC64C930018A9E0 /* AutoLayoutSizeClassesTests */ = {
			isa = PBXNativeTarget;
			buildConfigurationList = 5CB389971CC64C930018A9E0 /* Build configuration list for PBXNativeTarget "AutoLayoutSizeClassesTests" */;
			buildPhases = (
				5CB3897C1CC64C930018A9E0 /* Sources */,
				5CB3897D1CC64C930018A9E0 /* Frameworks */,
				5CB3897E1CC64C930018A9E0 /* Resources */,
			);
			buildRules = (
			);
			dependencies = (
				5CB389821CC64C930018A9E0 /* PBXTargetDependency */,
			);
			name = AutoLayoutSizeClassesTests;
			productName = AutoLayoutSizeClassesTests;
			productReference = 5CB389801CC64C930018A9E0 /* AutoLayoutSizeClassesTests.xctest */;
			productType = "com.apple.product-type.bundle.unit-test";
		};
		5CB3898A1CC64C930018A9E0 /* AutoLayoutSizeClassesUITests */ = {
			isa = PBXNativeTarget;
			buildConfigurationList = 5CB3899A1CC64C930018A9E0 /* Build configuration list for PBXNativeTarget "AutoLayoutSizeClassesUITests" */;
			buildPhases = (
				5CB389871CC64C930018A9E0 /* Sources */,
				5CB389881CC64C930018A9E0 /* Frameworks */,
				5CB389891CC64C930018A9E0 /* Resources */,
			);
			buildRules = (
			);
			dependencies = (
				5CB3898D1CC64C930018A9E0 /* PBXTargetDependency */,
			);
			name = AutoLayoutSizeClassesUITests;
			productName = AutoLayoutSizeClassesUITests;
			productReference = 5CB3898B1CC64C930018A9E0 /* AutoLayoutSizeClassesUITests.xctest */;
			productType = "com.apple.product-type.bundle.ui-testing";
		};
/* End PBXNativeTarget section */

/* Begin PBXProject section */
		5CB389641CC64C920018A9E0 /* Project object */ = {
			isa = PBXProject;
			attributes = {
				LastSwiftUpdateCheck = 0730;
				LastUpgradeCheck = 0730;
				ORGANIZATIONNAME = "Abiodun Shuaib";
				TargetAttributes = {
					5CB3896B1CC64C920018A9E0 = {
						CreatedOnToolsVersion = 7.3;
					};
					5CB3897F1CC64C930018A9E0 = {
						CreatedOnToolsVersion = 7.3;
						TestTargetID = 5CB3896B1CC64C920018A9E0;
					};
					5CB3898A1CC64C930018A9E0 = {
						CreatedOnToolsVersion = 7.3;
						TestTargetID = 5CB3896B1CC64C920018A9E0;
					};
				};
			};
			buildConfigurationList = 5CB389671CC64C920018A9E0 /* Build configuration list for PBXProject "AutoLayoutSizeClasses" */;
			compatibilityVersion = "Xcode 3.2";
			developmentRegion = English;
			hasScannedForEncodings = 0;
			knownRegions = (
				en,
				Base,
			);
			mainGroup = 5CB389631CC64C920018A9E0;
			productRefGroup = 5CB3896D1CC64C920018A9E0 /* Products */;
			projectDirPath = "";
			projectRoot = "";
			targets = (
				5CB3896B1CC64C920018A9E0 /* AutoLayoutSizeClasses */,
				5CB3897F1CC64C930018A9E0 /* AutoLayoutSizeClassesTests */,
				5CB3898A1CC64C930018A9E0 /* AutoLayoutSizeClassesUITests */,
			);
		};
/* End PBXProject section */

/* Begin PBXResourcesBuildPhase section */
		5CB3896A1CC64C920018A9E0 /* Resources */ = {
			isa = PBXResourcesBuildPhase;
			buildActionMask = 2147483647;
			files = (
				5CB3897A1CC64C920018A9E0 /* LaunchScreen.storyboard in Resources */,
				5CB389771CC64C920018A9E0 /* Assets.xcassets in Resources */,
				5CB389751CC64C920018A9E0 /* Main.storyboard in Resources */,
			);
			runOnlyForDeploymentPostprocessing = 0;
		};
		5CB3897E1CC64C930018A9E0 /* Resources */ = {
			isa = PBXResourcesBuildPhase;
			buildActionMask = 2147483647;
			files = (
			);
			runOnlyForDeploymentPostprocessing = 0;
		};
		5CB389891CC64C930018A9E0 /* Resources */ = {
			isa = PBXResourcesBuildPhase;
			buildActionMask = 2147483647;
			files = (
			);
			runOnlyForDeploymentPostprocessing = 0;
		};
/* End PBXResourcesBuildPhase section */

/* Begin PBXSourcesBuildPhase section */
		5CB389681CC64C920018A9E0 /* Sources */ = {
			isa = PBXSourcesBuildPhase;
			buildActionMask = 2147483647;
			files = (
				5CB389721CC64C920018A9E0 /* ViewController.swift in Sources */,
				5CB389701CC64C920018A9E0 /* AppDelegate.swift in Sources */,
			);
			runOnlyForDeploymentPostprocessing = 0;
		};
		5CB3897C1CC64C930018A9E0 /* Sources */ = {
			isa = PBXSourcesBuildPhase;
			buildActionMask = 2147483647;
			files = (
				5CB389851CC64C930018A9E0 /* AutoLayoutSizeClassesTests.swift in Sources */,
			);
			runOnlyForDeploymentPostprocessing = 0;
		};
		5CB389871CC64C930018A9E0 /* Sources */ = {
			isa = PBXSourcesBuildPhase;
			buildActionMask = 2147483647;
			files = (
				5CB389901CC64C930018A9E0 /* AutoLayoutSizeClassesUITests.swift in Sources */,
			);
			runOnlyForDeploymentPostprocessing = 0;
		};
/* End PBXSourcesBuildPhase section */

/* Begin PBXTargetDependency section */
		5CB389821CC64C930018A9E0 /* PBXTargetDependency */ = {
			isa = PBXTargetDependency;
			target = 5CB3896B1CC64C920018A9E0 /* AutoLayoutSizeClasses */;
			targetProxy = 5CB389811CC64C930018A9E0 /* PBXContainerItemProxy */;
		};
		5CB3898D1CC64C930018A9E0 /* PBXTargetDependency */ = {
			isa = PBXTargetDependency;
			target = 5CB3896B1CC64C920018A9E0 /* AutoLayoutSizeClasses */;
			targetProxy = 5CB3898C1CC64C930018A9E0 /* PBXContainerItemProxy */;
		};
/* End PBXTargetDependency section */

/* Begin PBXVariantGroup section */
		5CB389731CC64C920018A9E0 /* Main.storyboard */ = {
			isa = PBXVariantGroup;
			children = (
				5CB389741CC64C920018A9E0 /* Base */,
			);
			name = Main.storyboard;
			sourceTree = "<group>";
		};
		5CB389781CC64C920018A9E0 /* LaunchScreen.storyboard */ = {
			isa = PBXVariantGroup;
			children = (
				5CB389791CC64C920018A9E0 /* Base */,
			);
			name = LaunchScreen.storyboard;
			sourceTree = "<group>";
		};
/* End PBXVariantGroup section */

/* Begin XCBuildConfiguration section */
		5CB389921CC64C930018A9E0 /* Debug */ = {
			isa = XCBuildConfiguration;
			buildSettings = {
				ALWAYS_SEARCH_USER_PATHS = NO;
				CLANG_ANALYZER_NONNULL = YES;
				CLANG_CXX_LANGUAGE_STANDARD = "gnu++0x";
				CLANG_CXX_LIBRARY = "libc++";
				CLANG_ENABLE_MODULES = YES;
				CLANG_ENABLE_OBJC_ARC = YES;
				CLANG_WARN_BOOL_CONVERSION = YES;
				CLANG_WARN_CONSTANT_CONVERSION = YES;
				CLANG_WARN_DIRECT_OBJC_ISA_USAGE = YES_ERROR;
				CLANG_WARN_EMPTY_BODY = YES;
				CLANG_WARN_ENUM_CONVERSION = YES;
				CLANG_WARN_INT_CONVERSION = YES;
				CLANG_WARN_OBJC_ROOT_CLASS = YES_ERROR;
				CLANG_WARN_UNREACHABLE_CODE = YES;
				CLANG_WARN__DUPLICATE_METHOD_MATCH = YES;
				"CODE_SIGN_IDENTITY[sdk=iphoneos*]" = "iPhone Developer";
				COPY_PHASE_STRIP = NO;
				DEBUG_INFORMATION_FORMAT = dwarf;
				ENABLE_STRICT_OBJC_MSGSEND = YES;
				ENABLE_TESTABILITY = YES;
				GCC_C_LANGUAGE_STANDARD = gnu99;
				GCC_DYNAMIC_NO_PIC = NO;
				GCC_NO_COMMON_BLOCKS = YES;
				GCC_OPTIMIZATION_LEVEL = 0;
				GCC_PREPROCESSOR_DEFINITIONS = (
					"DEBUG=1",
					"$(inherited)",
				);
				GCC_WARN_64_TO_32_BIT_CONVERSION = YES;
				GCC_WARN_ABOUT_RETURN_TYPE = YES_ERROR;
				GCC_WARN_UNDECLARED_SELECTOR = YES;
				GCC_WARN_UNINITIALIZED_AUTOS = YES_AGGRESSIVE;
				GCC_WARN_UNUSED_FUNCTION = YES;
				GCC_WARN_UNUSED_VARIABLE = YES;
				IPHONEOS_DEPLOYMENT_TARGET = 9.3;
				MTL_ENABLE_DEBUG_INFO = YES;
				ONLY_ACTIVE_ARCH = YES;
				SDKROOT = iphoneos;
				SWIFT_OPTIMIZATION_LEVEL = "-Onone";
			};
			name = Debug;
		};
		5CB389931CC64C930018A9E0 /* Release */ = {
			isa = XCBuildConfiguration;
			buildSettings = {
				ALWAYS_SEARCH_USER_PATHS = NO;
				CLANG_ANALYZER_NONNULL = YES;
				CLANG_CXX_LANGUAGE_STANDARD = "gnu++0x";
				CLANG_CXX_LIBRARY = "libc++";
				CLANG_ENABLE_MODULES = YES;
				CLANG_ENABLE_OBJC_ARC = YES;
				CLANG_WARN_BOOL_CONVERSION = YES;
				CLANG_WARN_CONSTANT_CONVERSION = YES;
				CLANG_WARN_DIRECT_OBJC_ISA_USAGE = YES_ERROR;
				CLANG_WARN_EMPTY_BODY = YES;
				CLANG_WARN_ENUM_CONVERSION = YES;
				CLANG_WARN_INT_CONVERSION = YES;
				CLANG_WARN_OBJC_ROOT_CLASS = YES_ERROR;
				CLANG_WARN_UNREACHABLE_CODE = YES;
				CLANG_WARN__DUPLICATE_METHOD_MATCH = YES;
				"CODE_SIGN_IDENTITY[sdk=iphoneos*]" = "iPhone Developer";
				COPY_PHASE_STRIP = NO;
				DEBUG_INFORMATION_FORMAT = "dwarf-with-dsym";
				ENABLE_NS_ASSERTIONS = NO;
				ENABLE_STRICT_OBJC_MSGSEND = YES;
				GCC_C_LANGUAGE_STANDARD = gnu99;
				GCC_NO_COMMON_BLOCKS = YES;
				GCC_WARN_64_TO_32_BIT_CONVERSION = YES;
				GCC_WARN_ABOUT_RETURN_TYPE = YES_ERROR;
				GCC_WARN_UNDECLARED_SELECTOR = YES;
				GCC_WARN_UNINITIALIZED_AUTOS = YES_AGGRESSIVE;
				GCC_WARN_UNUSED_FUNCTION = YES;
				GCC_WARN_UNUSED_VARIABLE = YES;
				IPHONEOS_DEPLOYMENT_TARGET = 9.3;
				MTL_ENABLE_DEBUG_INFO = NO;
				SDKROOT = iphoneos;
				VALIDATE_PRODUCT = YES;
			};
			name = Release;
		};
		5CB389951CC64C930018A9E0 /* Debug */ = {
			isa = XCBuildConfiguration;
			buildSettings = {
				ASSETCATALOG_COMPILER_APPICON_NAME = AppIcon;
				INFOPLIST_FILE = AutoLayoutSizeClasses/Info.plist;
				LD_RUNPATH_SEARCH_PATHS = "$(inherited) @executable_path/Frameworks";
				PRODUCT_BUNDLE_IDENTIFIER = com.golden.AutoLayoutSizeClasses;
				PRODUCT_NAME = "$(TARGET_NAME)";
			};
			name = Debug;
		};
		5CB389961CC64C930018A9E0 /* Release */ = {
			isa = XCBuildConfiguration;
			buildSettings = {
				ASSETCATALOG_COMPILER_APPICON_NAME = AppIcon;
				INFOPLIST_FILE = AutoLayoutSizeClasses/Info.plist;
				LD_RUNPATH_SEARCH_PATHS = "$(inherited) @executable_path/Frameworks";
				PRODUCT_BUNDLE_IDENTIFIER = com.golden.AutoLayoutSizeClasses;
				PRODUCT_NAME = "$(TARGET_NAME)";
			};
			name = Release;
		};
		5CB389981CC64C930018A9E0 /* Debug */ = {
			isa = XCBuildConfiguration;
			buildSettings = {
				BUNDLE_LOADER = "$(TEST_HOST)";
				INFOPLIST_FILE = AutoLayoutSizeClassesTests/Info.plist;
				LD_RUNPATH_SEARCH_PATHS = "$(inherited) @executable_path/Frameworks @loader_path/Frameworks";
				PRODUCT_BUNDLE_IDENTIFIER = com.golden.AutoLayoutSizeClassesTests;
				PRODUCT_NAME = "$(TARGET_NAME)";
				TEST_HOST = "$(BUILT_PRODUCTS_DIR)/AutoLayoutSizeClasses.app/AutoLayoutSizeClasses";
			};
			name = Debug;
		};
		5CB389991CC64C930018A9E0 /* Release */ = {
			isa = XCBuildConfiguration;
			buildSettings = {
				BUNDLE_LOADER = "$(TEST_HOST)";
				INFOPLIST_FILE = AutoLayoutSizeClassesTests/Info.plist;
				LD_RUNPATH_SEARCH_PATHS = "$(inherited) @executable_path/Frameworks @loader_path/Frameworks";
				PRODUCT_BUNDLE_IDENTIFIER = com.golden.AutoLayoutSizeClassesTests;
				PRODUCT_NAME = "$(TARGET_NAME)";
				TEST_HOST = "$(BUILT_PRODUCTS_DIR)/AutoLayoutSizeClasses.app/AutoLayoutSizeClasses";
			};
			name = Release;
		};
		5CB3899B1CC64C930018A9E0 /* Debug */ = {
			isa = XCBuildConfiguration;
			buildSettings = {
				INFOPLIST_FILE = AutoLayoutSizeClassesUITests/Info.plist;
				LD_RUNPATH_SEARCH_PATHS = "$(inherited) @executable_path/Frameworks @loader_path/Frameworks";
				PRODUCT_BUNDLE_IDENTIFIER = com.golden.AutoLayoutSizeClassesUITests;
				PRODUCT_NAME = "$(TARGET_NAME)";
				TEST_TARGET_NAME = AutoLayoutSizeClasses;
			};
			name = Debug;
		};
		5CB3899C1CC64C930018A9E0 /* Release */ = {
			isa = XCBuildConfiguration;
			buildSettings = {
				INFOPLIST_FILE = AutoLayoutSizeClassesUITests/Info.plist;
				LD_RUNPATH_SEARCH_PATHS = "$(inherited) @executable_path/Frameworks @loader_path/Frameworks";
				PRODUCT_BUNDLE_IDENTIFIER = com.golden.AutoLayoutSizeClassesUITests;
				PRODUCT_NAME = "$(TARGET_NAME)";
				TEST_TARGET_NAME = AutoLayoutSizeClasses;
			};
			name = Release;
		};
/* End XCBuildConfiguration section */

/* Begin XCConfigurationList section */
		5CB389671CC64C920018A9E0 /* Build configuration list for PBXProject "AutoLayoutSizeClasses" */ = {
			isa = XCConfigurationList;
			buildConfigurations = (
				5CB389921CC64C930018A9E0 /* Debug */,
				5CB389931CC64C930018A9E0 /* Release */,
			);
			defaultConfigurationIsVisible = 0;
			defaultConfigurationName = Release;
		};
		5CB389941CC64C930018A9E0 /* Build configuration list for PBXNativeTarget "AutoLayoutSizeClasses" */ = {
			isa = XCConfigurationList;
			buildConfigurations = (
				5CB389951CC64C930018A9E0 /* Debug */,
				5CB389961CC64C930018A9E0 /* Release */,
			);
			defaultConfigurationIsVisible = 0;
		};
		5CB389971CC64C930018A9E0 /* Build configuration list for PBXNativeTarget "AutoLayoutSizeClassesTests" */ = {
			isa = XCConfigurationList;
			buildConfigurations = (
				5CB389981CC64C930018A9E0 /* Debug */,
				5CB389991CC64C930018A9E0 /* Release */,
			);
			defaultConfigurationIsVisible = 0;
		};
		5CB3899A1CC64C930018A9E0 /* Build configuration list for PBXNativeTarget "AutoLayoutSizeClassesUITests" */ = {
			isa = XCConfigurationList;
			buildConfigurations = (
				5CB3899B1CC64C930018A9E0 /* Debug */,
				5CB3899C1CC64C930018A9E0 /* Release */,
			);
			defaultConfigurationIsVisible = 0;
		};
/* End XCConfigurationList section */
	};
	rootObject = 5CB389641CC64C920018A9E0 /* Project object */;
}
